
Microsoft Visual Studio Solution File, Format Version 12.00
Project("{FAE04EC0-301F-11D3-BF4B-00C04F79EFBC}") = "Extracode.Tools.Gui", "Extracode.Tools.Gui\Extracode.Tools.Gui.csproj", "{6E279B94-8AD4-46EA-BBA4-82AED07D83CC}"
EndProject
Global
	GlobalSection(SolutionConfigurationPlatforms) = preSolution
		Debug|Any CPU = Debug|Any CPU
		Release|Any CPU = Release|Any CPU
	EndGlobalSection
	GlobalSection(ProjectConfigurationPlatforms) = postSolution
		{6E279B94-8AD4-46EA-BBA4-82AED07D83CC}.Debug|Any CPU.ActiveCfg = Debug|Any CPU
		{6E279B94-8AD4-46EA-BBA4-82AED07D83CC}.Debug|Any CPU.Build.0 = Debug|Any CPU
		{6E279B94-8AD4-46EA-BBA4-82AED07D83CC}.Release|Any CPU.ActiveCfg = Release|Any CPU
		{6E279B94-8AD4-46EA-BBA4-82AED07D83CC}.Release|Any CPU.Build.0 = Release|Any CPU
	EndGlobalSection
EndGlobal
